
Microsoft Visual Studio Solution File, Format Version 12.00
# Visual Studio Version 16
VisualStudioVersion = 16.0.29609.76
MinimumVisualStudioVersion = 10.0.40219.1
Project("{FAE04EC0-301F-11D3-BF4B-00C04F79EFBC}") = "NameGenerator", "NameGenerator\NameGenerator.csproj", "{61756EB9-FAAF-43C8-9CD6-FB8289292A07}"
EndProject
Global
	GlobalSection(SolutionConfigurationPlatforms) = preSolution
		Debug|Any CPU = Debug|Any CPU
		Release|Any CPU = Release|Any CPU
	EndGlobalSection
	GlobalSection(ProjectConfigurationPlatforms) = postSolution
		{61756EB9-FAAF-43C8-9CD6-FB8289292A07}.Debug|Any CPU.ActiveCfg = Debug|Any CPU
		{61756EB9-FAAF-43C8-9CD6-FB8289292A07}.Debug|Any CPU.Build.0 = Debug|Any CPU
		{61756EB9-FAAF-43C8-9CD6-FB8289292A07}.Release|Any CPU.ActiveCfg = Release|Any CPU
		{61756EB9-FAAF-43C8-9CD6-FB8289292A07}.Release|Any CPU.Build.0 = Release|Any CPU
	EndGlobalSection
	GlobalSection(SolutionProperties) = preSolution
		HideSolutionNode = FALSE
	EndGlobalSection
	GlobalSection(ExtensibilityGlobals) = postSolution
		SolutionGuid = {78E24406-A2A1-401F-A80A-01E5738EDD9D}
	EndGlobalSection
EndGlobal
